{
  "name": "shortyou",
  "version": "1.0.0",
  "lockfileVersion": 3,
  "requires": true,
  "packages": {
    "": {
      "name": "shortyou",
      "version": "1.0.0",
      "devDependencies": {
        "@types/google-apps-script": "^2.0.8",
        "typescript": "^5.9.3"
      }
    },
    "node_modules/@types/google-apps-script": {
      "version": "2.0.8",
      "resolved": "https://registry.npmjs.org/@types/google-apps-script/-/google-apps-script-2.0.8.tgz",
      "integrity": "sha512-mGPmzzdgBu1DlwrjOhFQ8u0se6AF/z4OpaTzOGwNKxwXZjE7J+IssfE3oL24j/S/p6aFiSTIptHZvbyqeZD8vA==",
      "dev": true,
      "license": "MIT"
    },
    "node_modules/typescript": {
      "version": "5.9.3",
      "resolved": "https://registry.npmjs.org/typescript/-/typescript-5.9.3.tgz",
      "integrity": "sha512-jl1vZzPDinLr9eUt3J/t7V6FgNEw9QjvBPdysz9KfQDD41fQrC2Y4vKQdiaUpFT4bXlb1RHhLpp8wtm6M5TgSw==",
      "dev": true,
      "license": "Apache-2.0",
      "bin": {
        "tsc": "bin/tsc",
        "tsserver": "bin/tsserver"
      },
      "engines": {
        "node": ">=14.17"
      }
    }
  }
}
